
Microsoft Visual Studio Solution File, Format Version 12.00
# Visual Studio Version 17
VisualStudioVersion = 17.3.32929.385
MinimumVisualStudioVersion = 10.0.40219.1
Project("{FAE04EC0-301F-11D3-BF4B-00C04F79EFBC}") = "FlipACoin2", "FlipACoin2.csproj", "{4EDFF058-3B38-44D0-9970-45692FDCA4E8}"
EndProject
Global
	GlobalSection(SolutionConfigurationPlatforms) = preSolution
		Debug|Any CPU = Debug|Any CPU
		Release|Any CPU = Release|Any CPU
	EndGlobalSection
	GlobalSection(ProjectConfigurationPlatforms) = postSolution
		{4EDFF058-3B38-44D0-9970-45692FDCA4E8}.Debug|Any CPU.ActiveCfg = Debug|Any CPU
		{4EDFF058-3B38-44D0-9970-45692FDCA4E8}.Debug|Any CPU.Build.0 = Debug|Any CPU
		{4EDFF058-3B38-44D0-9970-45692FDCA4E8}.Release|Any CPU.ActiveCfg = Release|Any CPU
		{4EDFF058-3B38-44D0-9970-45692FDCA4E8}.Release|Any CPU.Build.0 = Release|Any CPU
	EndGlobalSection
	GlobalSection(SolutionProperties) = preSolution
		HideSolutionNode = FALSE
	EndGlobalSection
	GlobalSection(ExtensibilityGlobals) = postSolution
		SolutionGuid = {844DA85A-8927-48D3-9C50-256F09C700BF}
	EndGlobalSection
EndGlobal
